{
  "name": "steroid-promise-utils",
  "version": "0.12.3",
  "lockfileVersion": 1,
  "requires": true,
  "dependencies": {
    "@types/node": {
      "version": "12.7.12",
      "resolved": "https://registry.npmjs.org/@types/node/-/node-12.7.12.tgz",
      "integrity": "sha512-KPYGmfD0/b1eXurQ59fXD1GBzhSQfz6/lKBxkaHX9dKTzjXbK68Zt7yGUxUsCS1jeTy/8aL+d9JEr+S54mpkWQ=="
    },
    "steroid-language-utils": {
      "version": "0.4.1",
      "resolved": "https://registry.npmjs.org/steroid-language-utils/-/steroid-language-utils-0.4.1.tgz",
      "integrity": "sha512-+0E8pwjNNYrc7yH0mI9IdmCv2qHB2K/yaAVjE5D13Yl+ehxD4nhWUOLnftRbTTBNhuCtfMaWggcP/kkpze1WsA=="
    },
    "steroid-promise-api": {
      "version": "0.5.2",
      "resolved": "https://registry.npmjs.org/steroid-promise-api/-/steroid-promise-api-0.5.2.tgz",
      "integrity": "sha512-Kk8eZFNUFRhEq5VdWKobvovBUuGG/YiIkq3cOijySKILNHrOOn4F9b4hLLQNeEZiNOM7UI3bYpg8eFqbM463RA=="
    }
  }
}
