{
  "name": "pareto",
  "version": "0.19.0",
  "lockfileVersion": 1,
  "requires": true,
  "dependencies": {
    "@types/node": {
      "version": "12.11.2",
      "resolved": "https://registry.npmjs.org/@types/node/-/node-12.11.2.tgz",
      "integrity": "sha512-dsfE4BHJkLQW+reOS6b17xhZ/6FB1rB8eRRvO08nn5o+voxf3i74tuyFWNH6djdfgX7Sm5s6LD8t6mJug4dpDw==",
      "dev": true
    },
    "pareto-api": {
      "version": "0.6.0",
      "resolved": "https://registry.npmjs.org/pareto-api/-/pareto-api-0.6.0.tgz",
      "integrity": "sha512-adTCKJe+UuFGYAKgX+JQ0FtPruMQxxBqF4g/IyhOfqdRAtplWL4LkbUHw2fDGHxaVJTYQSoi8+mgAGWrXIsYNA=="
    },
    "steroid-template-utils": {
      "version": "0.2.0",
      "resolved": "https://registry.npmjs.org/steroid-template-utils/-/steroid-template-utils-0.2.0.tgz",
      "integrity": "sha512-tFQ1zX54T0+//w/LLrWun2NMI/D5jtghQLye1BVidAJod2PHwRJD1FY1nRvT6w1rTLfeXSHmkmXG5coQVhYVig==",
      "dev": true
    }
  }
}
