{
  "name": "steroid-promise",
  "version": "0.0.2",
  "lockfileVersion": 1,
  "requires": true,
  "dependencies": {
    "steroid-promise-core": {
      "version": "0.0.4",
      "resolved": "https://registry.npmjs.org/steroid-promise-core/-/steroid-promise-core-0.0.4.tgz",
      "integrity": "sha512-91ADhBbV6Jt2+0kV2i9OAywduoD/mvTYQRSLKuyLQRN3IYnZbgL6hbasKljJOP6gjY9uexzUStrQXbvgNqyv6w=="
    }
  }
}
